{
  "name": "test",
  "version": "1.0.0",
  "lockfileVersion": 1,
  "requires": true,
  "dependencies": {
    "string-similarity": {
      "version": "3.0.0",
      "resolved": "https://registry.npmjs.org/string-similarity/-/string-similarity-3.0.0.tgz",
      "integrity": "sha512-7kS7LyTp56OqOI2BDWQNVnLX/rCxIQn+/5M0op1WV6P8Xx6TZNdajpuqQdiJ7Xx+p1C5CsWMvdiBp9ApMhxzEQ=="
    },
    "string-similarity-match": {
      "version": "git+https://github.com/AndreaCardamone/string-similarity-match.git#7b246ddfcdd472144a741956de4d99c9d5d00b44",
      "from": "git+https://github.com/AndreaCardamone/string-similarity-match.git",
      "requires": {
        "string-similarity": "^3.0.0"
      }
    }
  }
}
