{
  "name": "string-similarity-match",
  "version": "0.0.1",
  "lockfileVersion": 1,
  "requires": true,
  "dependencies": {
    "string-similarity": {
      "version": "3.0.0",
      "resolved": "https://registry.npmjs.org/string-similarity/-/string-similarity-3.0.0.tgz",
      "integrity": "sha512-7kS7LyTp56OqOI2BDWQNVnLX/rCxIQn+/5M0op1WV6P8Xx6TZNdajpuqQdiJ7Xx+p1C5CsWMvdiBp9ApMhxzEQ=="
    }
  }
}
